# This file was autogenerated by uv via the following command:
#    uv pip compile --generate-hashes --universal --python-version 3.12 --output-file requirements.lock requirements.txt
annotated-types==0.8.0 \
    --hash=sha256:13b2beaad985e05e2d6407ee4c4f35590b11f8d693a258a561055cac8f64cab7 \
    --hash=sha256:f072f4d804ea359e4eaf198b1af7a8b0943881a87f31bb764f8bf219bb9419e0
    # via pydantic
anyio==4.14.2 \
    --hash=sha256:9f505dda5ac9f0c8309b5e8bd445a8c2bf7246f3ce950121e45ea15bc41d1494 \
    --hash=sha256:cfa139f3ed1a23ee8f88a145ddb5ac7605b8bbfd8592baacd7ce3d8bb4313c7f
    # via
    #   httpx
    #   starlette
certifi==2026.7.22 \
    --hash=sha256:62f22742b58a1a33014a2b6b706588a8d7e2a88ae7bd1a6ebe8c992928483775 \
    --hash=sha256:741e2c3b351ddf169a738da9f2c048608ff7f2c5cc02f1ebc6b118bb090d5d55
    # via
    #   httpcore
    #   httpx
click==8.4.2 \
    --hash=sha256:9a6cea6e60b17ebe0a44c5cc636d94f09bd66142c1cd7d8b4cd731c4917a15f6 \
    --hash=sha256:e6f9f66136c816745b9d65817da91d61d957fb16e02e4dcd0552553c5a197b76
    # via uvicorn
colorama==0.4.6 ; sys_platform == 'win32' \
    --hash=sha256:08695f5cb7ed6e0531a20572697297273c47b8cae5a63ffc6d6ed5c201be6e44 \
    --hash=sha256:4f1d9991f5acc0ca119f9d443620b77f9d6b33703e51011c16baf57afb285fc6
    # via click
fastapi==0.116.1 \
    --hash=sha256:c46ac7c312df840f0c9e220f7964bada936781bc4e2e6eb71f1c4d7553786565 \
    --hash=sha256:ed52cbf946abfd70c5a0dccb24673f0670deeb517a88b3544d03c2a6bf283143
    # via -r requirements.txt
h11==0.16.0 \
    --hash=sha256:4e35b956cf45792e4caa5885e69fba00bdbc6ffafbfa020300e549b208ee5ff1 \
    --hash=sha256:63cf8bbe7522de3bf65932fda1d9c2772064ffb3dae62d55932da54b31cb6c86
    # via
    #   httpcore
    #   uvicorn
httpcore==1.0.9 \
    --hash=sha256:2d400746a40668fc9dec9810239072b40b4484b640a8c38fd654a024c7a1bf55 \
    --hash=sha256:6e34463af53fd2ab5d807f399a9b45ea31c3dfa2276f15a2c3f00afff6e176e8
    # via httpx
httpx==0.28.1 \
    --hash=sha256:75e98c5f16b0f35b567856f597f06ff2270a374470a5c2392242528e3e3e42fc \
    --hash=sha256:d909fcccc110f8c7faf814ca82a9a4d816bc5a6dbfea25d6591d6985b8ba59ad
    # via -r requirements.txt
idna==3.18 \
    --hash=sha256:7f952cbe720b688055e3f87de14f5c3e5fdaa8bc3928985c4077ca689de849a2 \
    --hash=sha256:ffb385a7e039654cef1ab9ef32c6fafe283c0c0467bba1d9029738ce4a14a848
    # via
    #   anyio
    #   httpx
maxminddb==2.6.2 \
    --hash=sha256:058ca89789bc1770fe58d02a88272ca91dabeef9f3fe0011fe506484355f1804 \
    --hash=sha256:05e873eb82281cef6e787bd40bd1d58b2e496a21b3689346f0d0420988b3cbb1 \
    --hash=sha256:0b281c0eec3601dde1f169a1c04e2615751c66368141aded9f03131fe635450b \
    --hash=sha256:0b480a31589750da4e36d1ba04b77ee3ac3853ac7b94d63f337b9d4d0403043f \
    --hash=sha256:12207f0becf3f2bf14e7a4bf86efcaa6e90d665a918915ae228c4e77792d7151 \
    --hash=sha256:1c096dfd20926c4de7d7fd5b5e75c756eddd4bdac5ab7aafd4bb67d000b13743 \
    --hash=sha256:1dc2b511c7255f7cbbb01e8ba01ba82e62e9c1213e382d36f9d9b0ee45c2f6b2 \
    --hash=sha256:20662878bc9514e90b0b4c4eb1a76622ecc7504d012e76bad9cdb7372fc0ef96 \
    --hash=sha256:28a2eaf9769262c05c486e777016771f3367c843b053c43cd5fde1108755753d \
    --hash=sha256:28af9470f28fce2ccb945478235f53fb52d98a505653b1bf4028e34df6149a06 \
    --hash=sha256:2aaefb62f881151960bb67e5aeb302c159a32bd2d623cf72dad688bda1020869 \
    --hash=sha256:34b6e8d667d724f60d52635f3d959f793ab4e5d57d78b27fe66f02752d8c6b08 \
    --hash=sha256:38941a38278491bf95e5ca544969782c7ab33326802f6a93816867289c3f6401 \
    --hash=sha256:3987e103396e925edebbef4877e94515822f63b3b436027a0b164b500622fccd \
    --hash=sha256:39eab93ddd75fd02f8d5ad6b1bd3f8d894828d91d6f6c1a96bb9e87c34e94aaa \
    --hash=sha256:47170ec0e1e76787cc5882301c487f495d67f3146318f2f4e2adc281951a96ef \
    --hash=sha256:485c0778f6801e1437c2efd6e3b964a7ae71c8819f063e0b5460c3267d977040 \
    --hash=sha256:5662386db91872d5505fde9e7bb0b9530b6aab7a6f3ece7df59a2b43a7b45d17 \
    --hash=sha256:58bfd2c55c96aaaa7c4996c704edabfb1bd369dfc1592cedf8957a24062178b1 \
    --hash=sha256:5c7c520d06d335b288d06a00b786cea9b7e023bd588efb1a6ef485e94ccc7244 \
    --hash=sha256:6a50bc348c699d8f6a5f0aa35e5096515d642ca2f38b944bd71c3dedda3d3588 \
    --hash=sha256:6fd1a612110ff182a559d8010e7615e5d05ef9d2c234b5f7de124ee8fdf1ecb9 \
    --hash=sha256:7607e45f7eca991fa34d57c03a791a1dfbe774ddd9250d0f35cdcc6f17142a15 \
    --hash=sha256:78c3aa70c62be68ace23f819e7f23258545f2bfbd92cd6c33ee398cd261f6b84 \
    --hash=sha256:7c1220838ba9b0bcdaa0c5846f9da70a2304df2ac255fe518370f8faf8c18316 \
    --hash=sha256:7cd7f525eb2331cf05181c5ba562cc3edec3de4b41dbb18a5fee9ad24884b499 \
    --hash=sha256:7cfdf5c29a2739610700b9fea7f8d68ce81dcf30bb8016f1a1853ef889a2624b \
    --hash=sha256:7d842d32e2620abc894b7d79a5a1007a69df2c6cf279a06b94c9c3913f66f264 \
    --hash=sha256:7e5a90a1cb0c7fd6226aa44e18a87b26fa85b6eebae36d529d7582f93e8dfbd1 \
    --hash=sha256:80d20683afe01b4d41bad1c1829f87ab12f3d19c68ec230f83318a2fd13871a7 \
    --hash=sha256:80d7495565d30260c630afbe74d61522b13dd31ed05b8916003ec5b127109a12 \
    --hash=sha256:80d7f943f6b8bc437eaae5da778a83d8f38e4b7463756fdee04833e1be0bdea2 \
    --hash=sha256:8101291e5b92bd272a050c25822a5e30860d453dde16b4fffed9d751f0483a82 \
    --hash=sha256:826a1858b93b193df7fa71e3caca65c3051db20545df0020444f55c02e8ed2c3 \
    --hash=sha256:85fc9406f42c1311ce8ea9f2c820db5d7ac687a39ab5d932708dc783607378ef \
    --hash=sha256:86048ff328793599e584bcc2fc8278c2b7c5d3a4005c70403613449ec93817ef \
    --hash=sha256:886af3ba4aa26214ff39214565f53152b62a5abdb6ef9e00c76c194dbfd79231 \
    --hash=sha256:8cb992da535264177b380e7b81943c884d57dcbfad6b3335d7f633967144746e \
    --hash=sha256:93691c8b4b4c448babb37bedc6f3d51523a3f06ab11bdd171da7ffc4005a7897 \
    --hash=sha256:96a1fa38322bce1d587bb6ce39a0e6ca4c1b824f48fbc5739a5ec507f63aa889 \
    --hash=sha256:9a2671e8f4161130803cf226cd9cb8b93ec5c4b2493f83a902986177052d95d3 \
    --hash=sha256:9dccd7a438f81e3df84dfc31a75af4c8d29adefb6082329385bfde604c9ea01b \
    --hash=sha256:a74b60cdc61a69b967ec44201c6259fbc48ef2eab2e885fbdc50ec1accaad545 \
    --hash=sha256:a771df92e599ad867c16ae4acb08cc3763c9d1028f4ca772c0571da97f7f86d2 \
    --hash=sha256:aa8cb54b01a29a23a0ea6659fbb38deec6f35453588c5decdbf8669feb53b624 \
    --hash=sha256:add1e55620033516c5f0734b1d9d03848859192d9f3825aabe720dfa8a783958 \
    --hash=sha256:b0a3b9cab1a94cc633df3da85c6567f0188f10165e3338ec9a6c421de9fe53b9 \
    --hash=sha256:b31ecf3083b78c77624783bfdf6177e6ac73ae14684ef182855eb5569bc78e7c \
    --hash=sha256:b4d9cd7ddd02ee123a44d0d7821166d31540ea85352deb06b29d55e802f32781 \
    --hash=sha256:c9e9e893f7c0fa44cfdd5ab819a07d93f63ee398c28b792cedd50b94dcfea7c0 \
    --hash=sha256:cd4530b9604d66cfa5e37eb94c671e54feff87769f8ba7fa997cce959e0cb241 \
    --hash=sha256:d0970b661c4fac6624b9128057ed5fe35a2d95aa60359272289cd4c7207c9a6d \
    --hash=sha256:d15414d251513748cb646d284a2829a5f4c69d8c90963a6e6da53a1a6d0accf7 \
    --hash=sha256:d32266792b349f5507b0369d3277d45318fcd346a16dcc98b484aadc208e4d74 \
    --hash=sha256:d8ccca5327cb4e706f669456ec6d556badfa92c0fdacd57a15076f3cdc061560 \
    --hash=sha256:dc9f1203eb2b139252aa08965960fe13c36cc8b80b536490b94b05c31aa1fca9 \
    --hash=sha256:dd90c3798e6c347d48d5d9a9c95dc678b52a5a965f1fb72152067fdf52b994da \
    --hash=sha256:e1e40449bd278fdca1f351df442f391e72fd3d98b054ccac1672f27d70210642 \
    --hash=sha256:e2b85ffc9fb2e192321c2f0b34d0b291b8e82de6e51a6ec7534645663678e835 \
    --hash=sha256:e63649a82926f1d93acdd3df5f7be66dc9473653350afe73f365bb25e5b34368 \
    --hash=sha256:e9013076deca5d136c260510cd05e82ec2b4ddb9476d63e2180a13ddfd305c3e \
    --hash=sha256:eacd65e38bdf4efdf42bbc15cfa734b09eb818ecfef76b7b36e64be382be4c83 \
    --hash=sha256:eb534333f5fd7180e35c0207b3d95d621e4b9be3b8c1709995d0feb6c752b6f4 \
    --hash=sha256:ebf9fdf8a8e55862aabb8b2c34a4af31a8a5b686007288eeb561fa20ef348378 \
    --hash=sha256:ecce0b2d125691e2311f94dbd564c2d61c36c5033d082919431a21e6c694fa3f \
    --hash=sha256:eef1c26210155c7b94c4ca28fef65eb44a5ca1584427b1fbdeec1cd3c81e25c5 \
    --hash=sha256:f2e326a99eaa924ff2fb09d6e44127983a43016228e7780888f15e9ba171d7b3 \
    --hash=sha256:f412a54f87ef9083911c334267188d3d1b14f2591eac94b94ca32528f21d5f25 \
    --hash=sha256:fb38aa94e76a87785b654c035f9f3ee39b74a98e9beea9a10b1aa62abdcc4cbd
    # via -r requirements.txt
pydantic==2.11.7 \
    --hash=sha256:d989c3c6cb79469287b1569f7447a17848c998458d49ebe294e975b9baf0f0db \
    --hash=sha256:dde5df002701f6de26248661f6835bbe296a47bf73990135c7d07ce741b9623b
    # via
    #   -r requirements.txt
    #   fastapi
pydantic-core==2.33.2 \
    --hash=sha256:0069c9acc3f3981b9ff4cdfaf088e98d83440a4c7ea1bc07460af3d4dc22e72d \
    --hash=sha256:031c57d67ca86902726e0fae2214ce6770bbe2f710dc33063187a68744a5ecac \
    --hash=sha256:0405262705a123b7ce9f0b92f123334d67b70fd1f20a9372b907ce1080c7ba02 \
    --hash=sha256:04a1a413977ab517154eebb2d326da71638271477d6ad87a769102f7c2488c56 \
    --hash=sha256:09fb9dd6571aacd023fe6aaca316bd01cf60ab27240d7eb39ebd66a3a15293b4 \
    --hash=sha256:0a39979dcbb70998b0e505fb1556a1d550a0781463ce84ebf915ba293ccb7e22 \
    --hash=sha256:0a9f2c9dd19656823cb8250b0724ee9c60a82f3cdf68a080979d13092a3b0fef \
    --hash=sha256:0e03262ab796d986f978f79c943fc5f620381be7287148b8010b4097f79a39ec \
    --hash=sha256:0e5b2671f05ba48b94cb90ce55d8bdcaaedb8ba00cc5359f6810fc918713983d \
    --hash=sha256:0e6116757f7959a712db11f3e9c0a99ade00a5bbedae83cb801985aa154f071b \
    --hash=sha256:0fb2d542b4d66f9470e8065c5469ec676978d625a8b7a363f07d9a501a9cb36a \
    --hash=sha256:1082dd3e2d7109ad8b7da48e1d4710c8d06c253cbc4a27c1cff4fbcaa97a9e3f \
    --hash=sha256:1a8695a8d00c73e50bff9dfda4d540b7dee29ff9b8053e38380426a85ef10052 \
    --hash=sha256:1e063337ef9e9820c77acc768546325ebe04ee38b08703244c1309cccc4f1bab \
    --hash=sha256:1ea40a64d23faa25e62a70ad163571c0b342b8bf66d5fa612ac0dec4f069d916 \
    --hash=sha256:2058a32994f1fde4ca0480ab9d1e75a0e8c87c22b53a3ae66554f9af78f2fe8c \
    --hash=sha256:235f45e5dbcccf6bd99f9f472858849f73d11120d76ea8707115415f8e5ebebf \
    --hash=sha256:2807668ba86cb38c6817ad9bc66215ab8584d1d304030ce4f0887336f28a5e27 \
    --hash=sha256:2b0a451c263b01acebe51895bfb0e1cc842a5c666efe06cdf13846c7418caa9a \
    --hash=sha256:2b3d326aaef0c0399d9afffeb6367d5e26ddc24d351dbc9c636840ac355dc5d8 \
    --hash=sha256:2bfb5112df54209d820d7bf9317c7a6c9025ea52e49f46b6a2060104bba37de7 \
    --hash=sha256:2f82865531efd18d6e07a04a17331af02cb7a651583c418df8266f17a63c6612 \
    --hash=sha256:329467cecfb529c925cf2bbd4d60d2c509bc2fb52a20c1045bf09bb70971a9c1 \
    --hash=sha256:3a1c81334778f9e3af2f8aeb7a960736e5cab1dfebfb26aabca09afd2906c039 \
    --hash=sha256:3abcd9392a36025e3bd55f9bd38d908bd17962cc49bc6da8e7e96285336e2bca \
    --hash=sha256:3c6db6e52c6d70aa0d00d45cdb9b40f0433b96380071ea80b09277dba021ddf7 \
    --hash=sha256:3dc625f4aa79713512d1976fe9f0bc99f706a9dee21dfd1810b4bbbf228d0e8a \
    --hash=sha256:3eb3fe62804e8f859c49ed20a8451342de53ed764150cb14ca71357c765dc2a6 \
    --hash=sha256:44857c3227d3fb5e753d5fe4a3420d6376fa594b07b621e220cd93703fe21782 \
    --hash=sha256:4b25d91e288e2c4e0662b8038a28c6a07eaac3e196cfc4ff69de4ea3db992a1b \
    --hash=sha256:4c5b0a576fb381edd6d27f0a85915c6daf2f8138dc5c267a57c08a62900758c7 \
    --hash=sha256:4e61206137cbc65e6d5256e1166f88331d3b6238e082d9f74613b9b765fb9025 \
    --hash=sha256:52fb90784e0a242bb96ec53f42196a17278855b0f31ac7c3cc6f5c1ec4811849 \
    --hash=sha256:53a57d2ed685940a504248187d5685e49eb5eef0f696853647bf37c418c538f7 \
    --hash=sha256:572c7e6c8bb4774d2ac88929e3d1f12bc45714ae5ee6d9a788a9fb35e60bb04b \
    --hash=sha256:5c4aa4e82353f65e548c476b37e64189783aa5384903bfea4f41580f255fddfa \
    --hash=sha256:5c92edd15cd58b3c2d34873597a1e20f13094f59cf88068adb18947df5455b4e \
    --hash=sha256:5f483cfb75ff703095c59e365360cb73e00185e01aaea067cd19acffd2ab20ea \
    --hash=sha256:61c18fba8e5e9db3ab908620af374db0ac1baa69f0f32df4f61ae23f15e586ac \
    --hash=sha256:6368900c2d3ef09b69cb0b913f9f8263b03786e5b2a387706c5afb66800efd51 \
    --hash=sha256:64632ff9d614e5eecfb495796ad51b0ed98c453e447a76bcbeeb69615079fc7e \
    --hash=sha256:65132b7b4a1c0beded5e057324b7e16e10910c106d43675d9bd87d4f38dde162 \
    --hash=sha256:6b99022f1d19bc32a4c2a0d544fc9a76e3be90f0b3f4af413f87d38749300e65 \
    --hash=sha256:6bdfe4b3789761f3bcb4b1ddf33355a71079858958e3a552f16d5af19768fef2 \
    --hash=sha256:6fa6dfc3e4d1f734a34710f391ae822e0a8eb8559a85c6979e14e65ee6ba2954 \
    --hash=sha256:73662edf539e72a9440129f231ed3757faab89630d291b784ca99237fb94db2b \
    --hash=sha256:73cf6373c21bc80b2e0dc88444f41ae60b2f070ed02095754eb5a01df12256de \
    --hash=sha256:7cb8bc3605c29176e1b105350d2e6474142d7c1bd1d9327c4a9bdb46bf827acc \
    --hash=sha256:7f92c15cd1e97d4b12acd1cc9004fa092578acfa57b67ad5e43a197175d01a64 \
    --hash=sha256:82f68293f055f51b51ea42fafc74b6aad03e70e191799430b90c13d643059ebb \
    --hash=sha256:83aa99b1285bc8f038941ddf598501a86f1536789740991d7d8756e34f1e74d9 \
    --hash=sha256:87acbfcf8e90ca885206e98359d7dca4bcbb35abdc0ff66672a293e1d7a19101 \
    --hash=sha256:87b31b6846e361ef83fedb187bb5b4372d0da3f7e28d85415efa92d6125d6e6d \
    --hash=sha256:881b21b5549499972441da4758d662aeea93f1923f953e9cbaff14b8b9565aef \
    --hash=sha256:8d55ab81c57b8ff8548c3e4947f119551253f4e3787a7bbc0b6b3ca47498a9d3 \
    --hash=sha256:8f57a69461af2a5fa6e6bbd7a5f60d3b7e6cebb687f55106933188e79ad155c1 \
    --hash=sha256:95237e53bb015f67b63c91af7518a62a8660376a6a0db19b89acc77a4d6199f5 \
    --hash=sha256:96081f1605125ba0855dfda83f6f3df5ec90c61195421ba72223de35ccfb2f88 \
    --hash=sha256:970919794d126ba8645f3837ab6046fb4e72bbc057b3709144066204c19a455d \
    --hash=sha256:9cb1da0f5a471435a7bc7e439b8a728e8b61e59784b2af70d7c169f8dd8ae290 \
    --hash=sha256:9fcd347d2cc5c23b06de6d3b7b8275be558a0c90549495c699e379a80bf8379e \
    --hash=sha256:9fdac5d6ffa1b5a83bca06ffe7583f5576555e6c8b3a91fbd25ea7780f825f7d \
    --hash=sha256:a11c8d26a50bfab49002947d3d237abe4d9e4b5bdc8846a63537b6488e197808 \
    --hash=sha256:a144d4f717285c6d9234a66778059f33a89096dfb9b39117663fd8413d582dcc \
    --hash=sha256:a2b911a5b90e0374d03813674bf0a5fbbb7741570dcd4b4e85a2e48d17def29d \
    --hash=sha256:a7ec89dc587667f22b6a0b6579c249fca9026ce7c333fc142ba42411fa243cdc \
    --hash=sha256:aa9d91b338f2df0508606f7009fde642391425189bba6d8c653afd80fd6bb64e \
    --hash=sha256:b0379a2b24882fef529ec3b4987cb5d003b9cda32256024e6fe1586ac45fc640 \
    --hash=sha256:bc7aee6f634a6f4a95676fcb5d6559a2c2a390330098dba5e5a5f28a2e4ada30 \
    --hash=sha256:bdc25f3681f7b78572699569514036afe3c243bc3059d3942624e936ec93450e \
    --hash=sha256:c083a3bdd5a93dfe480f1125926afcdbf2917ae714bdb80b36d34318b2bec5d9 \
    --hash=sha256:c20c462aa4434b33a2661701b861604913f912254e441ab8d78d30485736115a \
    --hash=sha256:c2fc0a768ef76c15ab9238afa6da7f69895bb5d1ee83aeea2e3509af4472d0b9 \
    --hash=sha256:c52b02ad8b4e2cf14ca7b3d918f3eb0ee91e63b3167c32591e57c4317e134f8f \
    --hash=sha256:c54c939ee22dc8e2d545da79fc5381f1c020d6d3141d3bd747eab59164dc89fb \
    --hash=sha256:c8e7af2f4e0194c22b5b37205bfb293d166a7344a5b0d0eaccebc376546d77d5 \
    --hash=sha256:cca3868ddfaccfbc4bfb1d608e2ccaaebe0ae628e1416aeb9c4d88c001bb45ab \
    --hash=sha256:d3f26877a748dc4251cfcfda9dfb5f13fcb034f5308388066bcfe9031b63ae7d \
    --hash=sha256:d53b22f2032c42eaaf025f7c40c2e3b94568ae077a606f006d206a463bc69572 \
    --hash=sha256:d87c561733f66531dced0da6e864f44ebf89a8fba55f31407b00c2f7f9449593 \
    --hash=sha256:d946c8bf0d5c24bf4fe333af284c59a19358aa3ec18cb3dc4370080da1e8ad29 \
    --hash=sha256:dac89aea9af8cd672fa7b510e7b8c33b0bba9a43186680550ccf23020f32d535 \
    --hash=sha256:db4b41f9bd95fbe5acd76d89920336ba96f03e149097365afe1cb092fceb89a1 \
    --hash=sha256:dc46a01bf8d62f227d5ecee74178ffc448ff4e5197c756331f71efcc66dc980f \
    --hash=sha256:dd14041875d09cc0f9308e37a6f8b65f5585cf2598a53aa0123df8b129d481f8 \
    --hash=sha256:de4b83bb311557e439b9e186f733f6c645b9417c84e2eb8203f3f820a4b988bf \
    --hash=sha256:e799c050df38a639db758c617ec771fd8fb7a5f8eaaa4b27b101f266b216a246 \
    --hash=sha256:e80b087132752f6b3d714f041ccf74403799d3b23a72722ea2e6ba2e892555b9 \
    --hash=sha256:eb8c529b2819c37140eb51b914153063d27ed88e3bdc31b71198a198e921e011 \
    --hash=sha256:eb9b459ca4df0e5c87deb59d37377461a538852765293f9e6ee834f0435a93b9 \
    --hash=sha256:efec8db3266b76ef9607c2c4c419bdb06bf335ae433b80816089ea7585816f6a \
    --hash=sha256:f481959862f57f29601ccced557cc2e817bce7533ab8e01a797a48b49c9692b3 \
    --hash=sha256:f517ca031dfc037a9c07e748cefd8d96235088b83b4f4ba8939105d20fa1dcd6 \
    --hash=sha256:f889f7a40498cc077332c7ab6b4608d296d852182211787d4f3ee377aaae66e8 \
    --hash=sha256:f8de619080e944347f5f20de29a975c2d815d9ddd8be9b9b7268e2e3ef68605a \
    --hash=sha256:f941635f2a3d96b2973e867144fde513665c87f13fe0e193c158ac51bfaaa7b2 \
    --hash=sha256:fa754d1850735a0b0e03bcffd9d4b4343eb417e47196e4485d9cca326073a42c \
    --hash=sha256:fa854f5cf7e33842a892e5c73f45327760bc7bc516339fda888c75ae60edaeb6 \
    --hash=sha256:fe5b32187cbc0c862ee201ad66c30cf218e5ed468ec8dc1cf49dec66e160cc4d
    # via pydantic
pyyaml==6.0.2 \
    --hash=sha256:01179a4a8559ab5de078078f37e5c1a30d76bb88519906844fd7bdea1b7729ff \
    --hash=sha256:0833f8694549e586547b576dcfaba4a6b55b9e96098b36cdc7ebefe667dfed48 \
    --hash=sha256:0a9a2848a5b7feac301353437eb7d5957887edbf81d56e903999a75a3d743086 \
    --hash=sha256:0b69e4ce7a131fe56b7e4d770c67429700908fc0752af059838b1cfb41960e4e \
    --hash=sha256:0ffe8360bab4910ef1b9e87fb812d8bc0a308b0d0eef8c8f44e0254ab3b07133 \
    --hash=sha256:11d8f3dd2b9c1207dcaf2ee0bbbfd5991f571186ec9cc78427ba5bd32afae4b5 \
    --hash=sha256:17e311b6c678207928d649faa7cb0d7b4c26a0ba73d41e99c4fff6b6c3276484 \
    --hash=sha256:1e2120ef853f59c7419231f3bf4e7021f1b936f6ebd222406c3b60212205d2ee \
    --hash=sha256:1f71ea527786de97d1a0cc0eacd1defc0985dcf6b3f17bb77dcfc8c34bec4dc5 \
    --hash=sha256:23502f431948090f597378482b4812b0caae32c22213aecf3b55325e049a6c68 \
    --hash=sha256:24471b829b3bf607e04e88d79542a9d48bb037c2267d7927a874e6c205ca7e9a \
    --hash=sha256:29717114e51c84ddfba879543fb232a6ed60086602313ca38cce623c1d62cfbf \
    --hash=sha256:2e99c6826ffa974fe6e27cdb5ed0021786b03fc98e5ee3c5bfe1fd5015f42b99 \
    --hash=sha256:39693e1f8320ae4f43943590b49779ffb98acb81f788220ea932a6b6c51004d8 \
    --hash=sha256:3ad2a3decf9aaba3d29c8f537ac4b243e36bef957511b4766cb0057d32b0be85 \
    --hash=sha256:3b1fdb9dc17f5a7677423d508ab4f243a726dea51fa5e70992e59a7411c89d19 \
    --hash=sha256:41e4e3953a79407c794916fa277a82531dd93aad34e29c2a514c2c0c5fe971cc \
    --hash=sha256:43fa96a3ca0d6b1812e01ced1044a003533c47f6ee8aca31724f78e93ccc089a \
    --hash=sha256:50187695423ffe49e2deacb8cd10510bc361faac997de9efef88badc3bb9e2d1 \
    --hash=sha256:5ac9328ec4831237bec75defaf839f7d4564be1e6b25ac710bd1a96321cc8317 \
    --hash=sha256:5d225db5a45f21e78dd9358e58a98702a0302f2659a3c6cd320564b75b86f47c \
    --hash=sha256:6395c297d42274772abc367baaa79683958044e5d3835486c16da75d2a694631 \
    --hash=sha256:688ba32a1cffef67fd2e9398a2efebaea461578b0923624778664cc1c914db5d \
    --hash=sha256:68ccc6023a3400877818152ad9a1033e3db8625d899c72eacb5a668902e4d652 \
    --hash=sha256:70b189594dbe54f75ab3a1acec5f1e3faa7e8cf2f1e08d9b561cb41b845f69d5 \
    --hash=sha256:797b4f722ffa07cc8d62053e4cff1486fa6dc094105d13fea7b1de7d8bf71c9e \
    --hash=sha256:7c36280e6fb8385e520936c3cb3b8042851904eba0e58d277dca80a5cfed590b \
    --hash=sha256:7e7401d0de89a9a855c839bc697c079a4af81cf878373abd7dc625847d25cbd8 \
    --hash=sha256:80bab7bfc629882493af4aa31a4cfa43a4c57c83813253626916b8c7ada83476 \
    --hash=sha256:82d09873e40955485746739bcb8b4586983670466c23382c19cffecbf1fd8706 \
    --hash=sha256:8388ee1976c416731879ac16da0aff3f63b286ffdd57cdeb95f3f2e085687563 \
    --hash=sha256:8824b5a04a04a047e72eea5cec3bc266db09e35de6bdfe34c9436ac5ee27d237 \
    --hash=sha256:8b9c7197f7cb2738065c481a0461e50ad02f18c78cd75775628afb4d7137fb3b \
    --hash=sha256:9056c1ecd25795207ad294bcf39f2db3d845767be0ea6e6a34d856f006006083 \
    --hash=sha256:936d68689298c36b53b29f23c6dbb74de12b4ac12ca6cfe0e047bedceea56180 \
    --hash=sha256:9b22676e8097e9e22e36d6b7bda33190d0d400f345f23d4065d48f4ca7ae0425 \
    --hash=sha256:a4d3091415f010369ae4ed1fc6b79def9416358877534caf6a0fdd2146c87a3e \
    --hash=sha256:a8786accb172bd8afb8be14490a16625cbc387036876ab6ba70912730faf8e1f \
    --hash=sha256:a9f8c2e67970f13b16084e04f134610fd1d374bf477b17ec1599185cf611d725 \
    --hash=sha256:bc2fa7c6b47d6bc618dd7fb02ef6fdedb1090ec036abab80d4681424b84c1183 \
    --hash=sha256:c70c95198c015b85feafc136515252a261a84561b7b1d51e3384e0655ddf25ab \
    --hash=sha256:cc1c1159b3d456576af7a3e4d1ba7e6924cb39de8f67111c735f6fc832082774 \
    --hash=sha256:ce826d6ef20b1bc864f0a68340c8b3287705cae2f8b4b1d932177dcc76721725 \
    --hash=sha256:d584d9ec91ad65861cc08d42e834324ef890a082e591037abe114850ff7bbc3e \
    --hash=sha256:d7fded462629cfa4b685c5416b949ebad6cec74af5e2d42905d41e257e0869f5 \
    --hash=sha256:d84a1718ee396f54f3a086ea0a66d8e552b2ab2017ef8b420e92edbc841c352d \
    --hash=sha256:d8e03406cac8513435335dbab54c0d385e4a49e4945d2909a581c83647ca0290 \
    --hash=sha256:e10ce637b18caea04431ce14fabcf5c64a1c61ec9c56b071a4b7ca131ca52d44 \
    --hash=sha256:ec031d5d2feb36d1d1a24380e4db6d43695f3748343d99434e6f5f9156aaa2ed \
    --hash=sha256:ef6107725bd54b262d6dedcc2af448a266975032bc85ef0172c5f059da6325b4 \
    --hash=sha256:efdca5630322a10774e8e98e1af481aad470dd62c3170801852d752aa7a783ba \
    --hash=sha256:f753120cb8181e736c57ef7636e83f31b9c0d1722c516f7e86cf15b7aa57ff12 \
    --hash=sha256:ff3824dc5261f50c9b0dfb3be22b4567a6f938ccce4587b38952d85fd9e9afe4
    # via -r requirements.txt
starlette==0.47.3 \
    --hash=sha256:6bc94f839cc176c4858894f1f8908f0ab79dfec1a6b8402f6da9be26ebea52e9 \
    --hash=sha256:89c0778ca62a76b826101e7c709e70680a1699ca7da6b44d38eb0a7e61fe4b51
    # via fastapi
typing-extensions==4.16.0 \
    --hash=sha256:481caa481374e813c1b176ada14e97f1f67a4539ce9cfeb3f350d78d6370c2e8 \
    --hash=sha256:dc983d19a509c94dba722ee6abd33940f7c05a89e243c47e907eb4db6f1a43e5
    # via
    #   anyio
    #   fastapi
    #   pydantic
    #   pydantic-core
    #   starlette
    #   typing-inspection
typing-inspection==0.4.4 \
    --hash=sha256:547274fa6b0a561ccf549cc9524b999a578e737d015d8709d021f9d0d13bea47 \
    --hash=sha256:65b8397ba37ccbce054456aaccddfc91e6e3083c92824df348d96ca832f3f147
    # via pydantic
uvicorn==0.35.0 \
    --hash=sha256:197535216b25ff9b785e29a0b79199f55222193d47f820816e7da751e9bc8d4a \
    --hash=sha256:bc662f087f7cf2ce11a1d7fd70b90c9f98ef2e2831556dd078d131b96cc94a01
    # via -r requirements.txt
websockets==17.0.1 \
    --hash=sha256:02ed63bf26dda9fa27df730a41f6664586c4ee05972c8fb667ce1725b3fd13d3 \
    --hash=sha256:02f0b037a737d0cb0c33866c97bcd1a0b73170dfbf42d69d8fb86f51002fd5ae \
    --hash=sha256:038cfad5d5417f8bb09295abe986029a26d22f34bda622ccc79b670efd4dab56 \
    --hash=sha256:07abc3bd196a48af476a82fd47f3f79a6a3f70937a9f930cef703cfa0c9d83b6 \
    --hash=sha256:07d78a509c3333f5908c83d7f78144ea68a6c9ec28110f5c54d81d8fcdc262c4 \
    --hash=sha256:0b52c76b8a870b141b7ca0705289452183ce7a523101954ccfe29a25986a673f \
    --hash=sha256:10b1587c599fa0f2c89154587c80e0fda98ade6c9fa8c0260a2823fb1800b685 \
    --hash=sha256:10f461191125c63902ea7394ae9e752b1b5785641850c1d365bb30b0f88bc53f \
    --hash=sha256:15920057a6b723f84734f0641403bca163a4b176e5af809ee4f0c4a1e75e9fed \
    --hash=sha256:17ac37716c0244e82c9e384c41653c090b1864c6610224ca3857e7f7b58fce10 \
    --hash=sha256:18ded646ce98cdd3c0235825b3252f1df55765ba49b616bb10282f758667b4d0 \
    --hash=sha256:1b363bfd72a52c0658a3154a4cff219f15a474b35a235057d38853bf151acce7 \
    --hash=sha256:1bdd8c4be420905dd732e00dcd669852d8128cc723efa585a0c0e51adb00a28a \
    --hash=sha256:1d4cf7e8e5b8b1fa40758ac7524843a00237b124ab217e227542cafcfeb7a946 \
    --hash=sha256:1df81d174c1561292de9e40b141cafc04f69077272f6c352afe1d743e20810df \
    --hash=sha256:20a92f78ac8250984ed459faa9ca48c285adbfc0038ddc3fdac6046990a9c9ed \
    --hash=sha256:22bd00f8bae2bccdb5dbe41e20f58ba44ca9fff0b4b561aaf39099c35da762ed \
    --hash=sha256:2437d4ca208cc0f246d3a2297ae7474b4ba18261aaf5b9c79c84c031ecf348e1 \
    --hash=sha256:246927ae9ae06ca0d42a483a4bdb80d4862e1ee5b4cab37c354a5e1ad8356448 \
    --hash=sha256:2503c7e2a5049a12d5dac917a46d5d52591283a766165b8176bb167560421b38 \
    --hash=sha256:2604de7228506b13a44a256a9d223943340c0e725af5d367dc068e192b027761 \
    --hash=sha256:28012a54510fe8301bb893ef143cec30a2780a2d3bc20b7bbdf4379d7a63945d \
    --hash=sha256:2a855b6dfe21c4d3420be265ae031829ba8ba0be0ea350d9f7c3ef30ae63ebe2 \
    --hash=sha256:2abb1ba0a5133b7d2ef3c1c9f4b0c1e8a101012dce0b594ab2b2888d9a64820e \
    --hash=sha256:2b3f3020171202b135ca078e20434977c6b2b02af647130d6980c9e39b9462e3 \
    --hash=sha256:2bc14b481e05e331811108daa1aeb41a5e237a5564ef2f02ec5a356a0f102f78 \
    --hash=sha256:2fa2cb465a131c347ba6717a78c887746e73edb1c131d01c982d6ef0d68b82e0 \
    --hash=sha256:409d93efcaa14f7a99592c5baaef5ec6ca94fba0f5aec1a86f693977c69c9c1c \
    --hash=sha256:41d6aa06b5ab832aee72fedf47a149535b121ac900b6bb4d3fe14712afac9a79 \
    --hash=sha256:49266e4488309b38783257293a38298942b9a03aa106fcb45195377a77c0c1e2 \
    --hash=sha256:4d1d99db29b5444e3982f1ce2ba8a833508ad44b2f1fbd0bd99e81d825c0b461 \
    --hash=sha256:4d41c0a1d47a478bc432b3b9068097bee1ce0c5b19327ea6f75c2ab34ab1f2fb \
    --hash=sha256:5033ffe6804dd53afafa7d08e8c3eef2d2431f34d58ca30507a8442dd04a033a \
    --hash=sha256:53b90c00bc6201ab6695c7ff51a04d0e425514c37515e9eeecd2c1b978ac6c0e \
    --hash=sha256:54cdcaa56f5d3eafd57058f0fa4a3de93a310b43a3c4699f06efc4c0bd054a5a \
    --hash=sha256:5508f38c98ac29def9e747b87543b008a58b075df6da70b2cf2e0b47073d33bb \
    --hash=sha256:55383d8177b3c99fd873ee5db0e0193f4c1dd4a3feaccf1a4a03c1b7cf539cac \
    --hash=sha256:55b12e47dcee83673a40d07686cfb6f9d6dfc285976ade9463f61d2bef3fad22 \
    --hash=sha256:5661f868ef191d33dfc6a0cc7c5b3d495f0cc8bb3f8b30d87bda8755c61c95f5 \
    --hash=sha256:57d2ee9b24b404ce75f3814f92073c0ed88106c950148d2427fe8d25ca254d1f \
    --hash=sha256:599b03beb77633bffc095334338fad79cafc2b01fbd58953838130a9ae967d7b \
    --hash=sha256:5baa9bc0dfbae8c507e51c8cf1b6d4628086f7a87bbd3a9952bd5f035451f1cc \
    --hash=sha256:5f33a649bfcb8312524173cc4bbafa7dbb236e18eee9aa31a1d324ca0ddda28c \
    --hash=sha256:6740be6d1bab69f08ab52cb15b08f76c143b6fe61c580ba62bd929f3ab7a1d42 \
    --hash=sha256:6a434e59962a4fb9016bea327e1d14d6cd67670ecfb8942b4f4a0c24036634ce \
    --hash=sha256:6db9e5bf3649ab506c6ae8a3ac85a00fb1ae3816d75962771b2df8adbc5d40d2 \
    --hash=sha256:6fd88365da261c53d3e943fb37e0d0721b9cde119f6b2e3fc84369b6ab234d63 \
    --hash=sha256:7002d5f9e1c3ddd991cdfdbfee18cc8c8b196b2445022892badacd6cb338bbbc \
    --hash=sha256:70d438268e49f1a4bd096b6b6f7010f3ab48b5db2574dbf7d8c864c46ce7a06a \
    --hash=sha256:72d7f2a5aeb4e82daa4ee18f125b4277f427033359be5c745ad709608446cc2c \
    --hash=sha256:733e3cc7171fa1b899edbe725ef9382d0e960657dc1fd933f3281ae910c01dab \
    --hash=sha256:734d20364dc2cfe03674883cafcf580b6e431c5ce42b476312b9285310230cf9 \
    --hash=sha256:759adeb5b0c5775b563254ec63b5b79089fc0045b479143a0b1b8c0ebaae1253 \
    --hash=sha256:769ce7e2acfd9a89f2bed3a9c0da229459516bbc00bd4c9e2ca492c613ae4861 \
    --hash=sha256:810cb3fb5fa6e447216f4e82d9a85cb8aed0929ae3538153ddfe8a6e3121a58d \
    --hash=sha256:81ce19c6046ace11da7001781be7317bb1dc389f399af4b2ed962190f76f9add \
    --hash=sha256:846a4a8b0833e3cad57523d9e3bd50ec8ea05ab9d06c582f82a1340ba096af5f \
    --hash=sha256:872273e629ca7e3d35f16a2dc6ede84e1d5c831e616b8277de6e4f83114e7c58 \
    --hash=sha256:8848c207049ad49d318e5f64a3d4d7bb189f8328d0d98e65647788f2a085785c \
    --hash=sha256:884af729b8ab50486acd94d9768c2b60914bf39b579ebba0a5cb73bfdfd61fd2 \
    --hash=sha256:8c07f145d0b9e90cbd96035f31fb79199aef4da1872854e36ebeb258e3d57594 \
    --hash=sha256:8cd3369e42c0246afaf9d669cfc19797e3a49e8c0a639544459c57597108b966 \
    --hash=sha256:8e387adb0c692c6b5571bdeafc8ac9d1901ea30f10309134780b16ecd35e6605 \
    --hash=sha256:90246fa9e6cb192a778ce6ce024057ec54317a894db7899c922dcdc1f4cbf6a5 \
    --hash=sha256:90973a3a00f23afdfd1c9b06fb84289bf0220f247ef8a62501a1967c7af54f7b \
    --hash=sha256:9493314a99e599163c854fb5900ad7f7ea38c5cb9d9103aa30b3c6b8181c01fa \
    --hash=sha256:9f7747d3daa41a11f25f7cca5dc988fc51da97b311bed4c9d843860f79779283 \
    --hash=sha256:a39ce3a7b0e6059be093213d637963101380157bcbad355916738fafb490698d \
    --hash=sha256:a60fa1a25cca1bcc2bf87b8d6be37a741f0a3239fb5e9cfb7a37173b68ffcf87 \
    --hash=sha256:a68e604c6d1b0338e46652e2688cbce8096ad9c03548b075fda9e2ea19a9b7dd \
    --hash=sha256:a8af570fc29cd998a921c7131c8ac81d9434466d6d25300cb12a690fb56a8a08 \
    --hash=sha256:aadc298969ad229d8e3029fc5cc751fdad286696230f9cf014e90ff9cd8e6ea0 \
    --hash=sha256:ab56439c9f74c52770690c7b2f616b3bf775cb3920453ee355ac765c032d8bbf \
    --hash=sha256:ab9f962a5b64a5c3c845d556b7dc4e6fb683f7b67179f8205e814bb2e0213ffe \
    --hash=sha256:afbce6e3f0fac32dc87c2a0d84869d1a706460d64f39f3889386413e6e4d3d26 \
    --hash=sha256:b3ff0ad440ad52dda64138f16895f66403f40192365e39b1010e889f289746b0 \
    --hash=sha256:b580794e926cab7ff42ee4371ef14e0b22cb2bb722a607f77769136468f49a3f \
    --hash=sha256:b85b960a4507b0714c0a1246d031be9118d908ee974dc085257297a955205f1d \
    --hash=sha256:b98860aefbd3d9bc8e3c7f0eefb83b11142b16110739c68cd33d3b4d6e84e536 \
    --hash=sha256:bb31f42ea095ea826463c770829aa188a86c9a5c976b1467cbbf583c811de833 \
    --hash=sha256:bc0bca48ba24c6c866847fd20478a51dd547fa0ad258dab9615c414ec534bbc0 \
    --hash=sha256:bd1470d2c53fe53269bf5619da7725d30dd9b9693f1689f7a85eab8dea734442 \
    --hash=sha256:c09e097d0e46e3c289bedab9a475ae344b70c30ff5646e46af22b4e6fdc97b21 \
    --hash=sha256:c1bec5d6a19f5fbe87e4940739cfc65e7bb53d8b353e1029b8037a1653b321bc \
    --hash=sha256:c1c118a6b0e25bfc9a6802075d748fa6321714ffbdf3c88d29d9a0e3c7386c75 \
    --hash=sha256:c23e532c8a2325a1e7486de8763a60dc43e83f01bcaeca07e3ba79652c156db1 \
    --hash=sha256:c356dbddab0a529ed7574f78f559d75a223735c321c28f6f587fbf02b11ed301 \
    --hash=sha256:c38515cb54902f7e97d0239e81ef46c4444f9475f4807fb9bbdb789b4089abcf \
    --hash=sha256:c395bda8e7d8f51a02e80261fb57127979e5c472675d9a96b2860619ad47da48 \
    --hash=sha256:c6be9cba65c65cc76dfa3d4619e359ff02a4476c74e179b215236c11a0b32345 \
    --hash=sha256:cd526c8228e759c1006c4b7c9ac71dc4e925ced1a6a6a5a8e94643709738f63e \
    --hash=sha256:cddc675ec31bca65473321f9a9794e488b43b3b8de5d02c8ef4810c5d5792163 \
    --hash=sha256:cffc84ddec6da7f447677266fee2a3c40ecc78172f00752aa1150b8a8d65df1d \
    --hash=sha256:d41e9845514754a42d1d83b2fca9d27fee2ca7b3b0bee6843ba5a9bb2b6e25ac \
    --hash=sha256:d69fd559f9f0e8a52d2fce6f04ee143f86e70df0a189cd95164eddac599e810f \
    --hash=sha256:d7d72843691f50b91127c50688df10cb72ec6f4c4b1d7e2c11ab33b16acf8e51 \
    --hash=sha256:d9aac6081513f02eac3f8caace800dbfc5c608b69e4a7bef69e414eabfc95aa1 \
    --hash=sha256:dbfae8e75b342e31fc6fd1a8bbb393b7cbb91d6cfd581650300a94381e7b7e2b \
    --hash=sha256:e8208f2729cba030ff872a92064c97584eeb9502f53d32a05a0f05d5a17ca6c6 \
    --hash=sha256:e95e321d0d763f2b6633512605f6112ebd70d5746f3ce05c941909d4a25233f2 \
    --hash=sha256:e98ec9ec61cce5bc4b8b218322ad090b0994eb060bb04da704c62ef0a3d864e6 \
    --hash=sha256:eab6de8a98b9a7772cf686d00b4de439fc7efb8ab05ae106ef227291d06f87c5 \
    --hash=sha256:efe0ae052a8d023b87198921e8a7ce1dc7768816bcd2fbc20df171ac73a04891 \
    --hash=sha256:f11a398d8170b7ac5000baf7f258dcda579ef3ea744e0cc6a165e0dfbc0d3198 \
    --hash=sha256:f3fd9a1f87f8f0f3f8e9f9bd0195f7516562d13f5b178db8c5784d1f60b60bed \
    --hash=sha256:f47b0815af3948ec6a440b3afa02f05b18cc0939549e91b5c677b5d9c2c8472a \
    --hash=sha256:f991247276797d0c61ab7770bc9791eadc16f683b4d83517f624932adc1a8bab \
    --hash=sha256:ffad64ce7ad3703d652a3fd9af26238377d24ce52c6ad8ff35d26d82f61f493f
    # via -r requirements.txt
